// !$*UTF8*$!
{
	archiveVersion = 1;
	classes = {
	};
	objectVersion = 46;
	objects = {

/* Begin PBXBuildFile section */
		5CBB70342F6F659D4DA7C779 /* Pods_socialnetwork.framework in Frameworks */ = {isa = PBXBuildFile; fileRef = 3AEF759AFA7DB8DE0F0211F9 /* Pods_socialnetwork.framework */; };
		D32289F81F32875E00685ED6 /* Post.swift in Sources */ = {isa = PBXBuildFile; fileRef = D32289F71F32875E00685ED6 /* Post.swift */; };
		D3245B151F2E93140092F2FF /* AppDelegate.swift in Sources */ = {isa = PBXBuildFile; fileRef = D3245B141F2E93140092F2FF /* AppDelegate.swift */; };
		D3245B171F2E93140092F2FF /* SignInVC.swift in Sources */ = {isa = PBXBuildFile; fileRef = D3245B161F2E93140092F2FF /* SignInVC.swift */; };
		D3245B1A1F2E93140092F2FF /* Main.storyboard in Resources */ = {isa = PBXBuildFile; fileRef = D3245B181F2E93140092F2FF /* Main.storyboard */; };
		D3245B1C1F2E93140092F2FF /* Assets.xcassets in Resources */ = {isa = PBXBuildFile; fileRef = D3245B1B1F2E93140092F2FF /* Assets.xcassets */; };
		D3245B1F1F2E93140092F2FF /* LaunchScreen.storyboard in Resources */ = {isa = PBXBuildFile; fileRef = D3245B1D1F2E93140092F2FF /* LaunchScreen.storyboard */; };
		D3245B271F2E964E0092F2FF /* GoogleService-Info.plist in Resources */ = {isa = PBXBuildFile; fileRef = D3245B261F2E964E0092F2FF /* GoogleService-Info.plist */; };
		D3245B2C1F2FA63C0092F2FF /* FancyView.swift in Sources */ = {isa = PBXBuildFile; fileRef = D3245B2B1F2FA63C0092F2FF /* FancyView.swift */; };
		D3245B2F1F2FA70C0092F2FF /* Constants.swift in Sources */ = {isa = PBXBuildFile; fileRef = D3245B2E1F2FA70C0092F2FF /* Constants.swift */; };
		D3245B311F2FA8FF0092F2FF /* RoundBtn.swift in Sources */ = {isa = PBXBuildFile; fileRef = D3245B301F2FA8FF0092F2FF /* RoundBtn.swift */; };
		D3245B331F2FAB040092F2FF /* FancyField.swift in Sources */ = {isa = PBXBuildFile; fileRef = D3245B321F2FAB040092F2FF /* FancyField.swift */; };
		D3245B351F2FAC750092F2FF /* FancyBtn.swift in Sources */ = {isa = PBXBuildFile; fileRef = D3245B341F2FAC750092F2FF /* FancyBtn.swift */; };
		D3245B371F2FF6620092F2FF /* FeedVC.swift in Sources */ = {isa = PBXBuildFile; fileRef = D3245B361F2FF6620092F2FF /* FeedVC.swift */; };
		D3245B391F3019920092F2FF /* CircleView.swift in Sources */ = {isa = PBXBuildFile; fileRef = D3245B381F3019920092F2FF /* CircleView.swift */; };
		D362EA661F31095100C30E15 /* PostCell.swift in Sources */ = {isa = PBXBuildFile; fileRef = D362EA651F31095100C30E15 /* PostCell.swift */; };
		D362EA691F3122AA00C30E15 /* DataService.swift in Sources */ = {isa = PBXBuildFile; fileRef = D362EA681F3122AA00C30E15 /* DataService.swift */; };
/* End PBXBuildFile section */

/* Begin PBXFileReference section */
		08A5AB8505DA863804C15A34 /* Pods-socialnetwork.release.xcconfig */ = {isa = PBXFileReference; includeInIndex = 1; lastKnownFileType = text.xcconfig; name = "Pods-socialnetwork.release.xcconfig"; path = "Pods/Target Support Files/Pods-socialnetwork/Pods-socialnetwork.release.xcconfig"; sourceTree = "<group>"; };
		3AEF759AFA7DB8DE0F0211F9 /* Pods_socialnetwork.framework */ = {isa = PBXFileReference; explicitFileType = wrapper.framework; includeInIndex = 0; path = Pods_socialnetwork.framework; sourceTree = BUILT_PRODUCTS_DIR; };
		A21E712F06DB6E4AF652166F /* Pods-socialnetwork.debug.xcconfig */ = {isa = PBXFileReference; includeInIndex = 1; lastKnownFileType = text.xcconfig; name = "Pods-socialnetwork.debug.xcconfig"; path = "Pods/Target Support Files/Pods-socialnetwork/Pods-socialnetwork.debug.xcconfig"; sourceTree = "<group>"; };
		D32289F71F32875E00685ED6 /* Post.swift */ = {isa = PBXFileReference; fileEncoding = 4; lastKnownFileType = sourcecode.swift; path = Post.swift; sourceTree = "<group>"; };
		D3245B111F2E93140092F2FF /* socialnetwork.app */ = {isa = PBXFileReference; explicitFileType = wrapper.application; includeInIndex = 0; path = socialnetwork.app; sourceTree = BUILT_PRODUCTS_DIR; };
		D3245B141F2E93140092F2FF /* AppDelegate.swift */ = {isa = PBXFileReference; lastKnownFileType = sourcecode.swift; path = AppDelegate.swift; sourceTree = "<group>"; };
		D3245B161F2E93140092F2FF /* SignInVC.swift */ = {isa = PBXFileReference; lastKnownFileType = sourcecode.swift; path = SignInVC.swift; sourceTree = "<group>"; };
		D3245B191F2E93140092F2FF /* Base */ = {isa = PBXFileReference; lastKnownFileType = file.storyboard; name = Base; path = Base.lproj/Main.storyboard; sourceTree = "<group>"; };
		D3245B1B1F2E93140092F2FF /* Assets.xcassets */ = {isa = PBXFileReference; lastKnownFileType = folder.assetcatalog; path = Assets.xcassets; sourceTree = "<group>"; };
		D3245B1E1F2E93140092F2FF /* Base */ = {isa = PBXFileReference; lastKnownFileType = file.storyboard; name = Base; path = Base.lproj/LaunchScreen.storyboard; sourceTree = "<group>"; };
		D3245B201F2E93140092F2FF /* Info.plist */ = {isa = PBXFileReference; lastKnownFileType = text.plist.xml; path = Info.plist; sourceTree = "<group>"; };
		D3245B261F2E964E0092F2FF /* GoogleService-Info.plist */ = {isa = PBXFileReference; fileEncoding = 4; lastKnownFileType = text.plist.xml; path = "GoogleService-Info.plist"; sourceTree = "<group>"; };
		D3245B2B1F2FA63C0092F2FF /* FancyView.swift */ = {isa = PBXFileReference; fileEncoding = 4; lastKnownFileType = sourcecode.swift; path = FancyView.swift; sourceTree = "<group>"; };
		D3245B2E1F2FA70C0092F2FF /* Constants.swift */ = {isa = PBXFileReference; fileEncoding = 4; lastKnownFileType = sourcecode.swift; path = Constants.swift; sourceTree = "<group>"; };
		D3245B301F2FA8FF0092F2FF /* RoundBtn.swift */ = {isa = PBXFileReference; fileEncoding = 4; lastKnownFileType = sourcecode.swift; path = RoundBtn.swift; sourceTree = "<group>"; };
		D3245B321F2FAB040092F2FF /* FancyField.swift */ = {isa = PBXFileReference; fileEncoding = 4; lastKnownFileType = sourcecode.swift; path = FancyField.swift; sourceTree = "<group>"; };
		D3245B341F2FAC750092F2FF /* FancyBtn.swift */ = {isa = PBXFileReference; fileEncoding = 4; lastKnownFileType = sourcecode.swift; path = FancyBtn.swift; sourceTree = "<group>"; };
		D3245B361F2FF6620092F2FF /* FeedVC.swift */ = {isa = PBXFileReference; fileEncoding = 4; lastKnownFileType = sourcecode.swift; path = FeedVC.swift; sourceTree = "<group>"; };
		D3245B381F3019920092F2FF /* CircleView.swift */ = {isa = PBXFileReference; fileEncoding = 4; lastKnownFileType = sourcecode.swift; path = CircleView.swift; sourceTree = "<group>"; };
		D362EA651F31095100C30E15 /* PostCell.swift */ = {isa = PBXFileReference; fileEncoding = 4; lastKnownFileType = sourcecode.swift; path = PostCell.swift; sourceTree = "<group>"; };
		D362EA681F3122AA00C30E15 /* DataService.swift */ = {isa = PBXFileReference; fileEncoding = 4; lastKnownFileType = sourcecode.swift; path = DataService.swift; sourceTree = "<group>"; };
/* End PBXFileReference section */

/* Begin PBXFrameworksBuildPhase section */
		D3245B0E1F2E93140092F2FF /* Frameworks */ = {
			isa = PBXFrameworksBuildPhase;
			buildActionMask = 2147483647;
			files = (
				5CBB70342F6F659D4DA7C779 /* Pods_socialnetwork.framework in Frameworks */,
			);
			runOnlyForDeploymentPostprocessing = 0;
		};
/* End PBXFrameworksBuildPhase section */

/* Begin PBXGroup section */
		1635169C23AE007079546F14 /* Pods */ = {
			isa = PBXGroup;
			children = (
				A21E712F06DB6E4AF652166F /* Pods-socialnetwork.debug.xcconfig */,
				08A5AB8505DA863804C15A34 /* Pods-socialnetwork.release.xcconfig */,
			);
			name = Pods;
			sourceTree = "<group>";
		};
		D3245B081F2E93140092F2FF = {
			isa = PBXGroup;
			children = (
				D3245B131F2E93140092F2FF /* socialnetwork */,
				D3245B121F2E93140092F2FF /* Products */,
				1635169C23AE007079546F14 /* Pods */,
				ECA0D5C3C1F9757E3B033634 /* Frameworks */,
			);
			sourceTree = "<group>";
		};
		D3245B121F2E93140092F2FF /* Products */ = {
			isa = PBXGroup;
			children = (
				D3245B111F2E93140092F2FF /* socialnetwork.app */,
			);
			name = Products;
			sourceTree = "<group>";
		};
		D3245B131F2E93140092F2FF /* socialnetwork */ = {
			isa = PBXGroup;
			children = (
				D362EA671F31211D00C30E15 /* Services */,
				D3245B2D1F2FA6F90092F2FF /* Util */,
				D3245B2A1F2E9AE90092F2FF /* Model */,
				D3245B291F2E9AE60092F2FF /* View */,
				D3245B281F2E9AE10092F2FF /* Controller */,
				D3245B141F2E93140092F2FF /* AppDelegate.swift */,
				D3245B181F2E93140092F2FF /* Main.storyboard */,
				D3245B1B1F2E93140092F2FF /* Assets.xcassets */,
				D3245B1D1F2E93140092F2FF /* LaunchScreen.storyboard */,
				D3245B201F2E93140092F2FF /* Info.plist */,
				D3245B261F2E964E0092F2FF /* GoogleService-Info.plist */,
			);
			path = socialnetwork;
			sourceTree = "<group>";
		};
		D3245B281F2E9AE10092F2FF /* Controller */ = {
			isa = PBXGroup;
			children = (
				D3245B161F2E93140092F2FF /* SignInVC.swift */,
				D3245B361F2FF6620092F2FF /* FeedVC.swift */,
			);
			name = Controller;
			sourceTree = "<group>";
		};
		D3245B291F2E9AE60092F2FF /* View */ = {
			isa = PBXGroup;
			children = (
				D3245B2B1F2FA63C0092F2FF /* FancyView.swift */,
				D3245B301F2FA8FF0092F2FF /* RoundBtn.swift */,
				D3245B321F2FAB040092F2FF /* FancyField.swift */,
				D3245B341F2FAC750092F2FF /* FancyBtn.swift */,
				D3245B381F3019920092F2FF /* CircleView.swift */,
				D362EA651F31095100C30E15 /* PostCell.swift */,
			);
			name = View;
			sourceTree = "<group>";
		};
		D3245B2A1F2E9AE90092F2FF /* Model */ = {
			isa = PBXGroup;
			children = (
				D32289F71F32875E00685ED6 /* Post.swift */,
			);
			name = Model;
			sourceTree = "<group>";
		};
		D3245B2D1F2FA6F90092F2FF /* Util */ = {
			isa = PBXGroup;
			children = (
				D3245B2E1F2FA70C0092F2FF /* Constants.swift */,
			);
			name = Util;
			sourceTree = "<group>";
		};
		D362EA671F31211D00C30E15 /* Services */ = {
			isa = PBXGroup;
			children = (
				D362EA681F3122AA00C30E15 /* DataService.swift */,
			);
			name = Services;
			sourceTree = "<group>";
		};
		ECA0D5C3C1F9757E3B033634 /* Frameworks */ = {
			isa = PBXGroup;
			children = (
				3AEF759AFA7DB8DE0F0211F9 /* Pods_socialnetwork.framework */,
			);
			name = Frameworks;
			sourceTree = "<group>";
		};
/* End PBXGroup section */

/* Begin PBXNativeTarget section */
		D3245B101F2E93140092F2FF /* socialnetwork */ = {
			isa = PBXNativeTarget;
			buildConfigurationList = D3245B231F2E93140092F2FF /* Build configuration list for PBXNativeTarget "socialnetwork" */;
			buildPhases = (
				5C15692B0E4004D3FC8C436D /* [CP] Check Pods Manifest.lock */,
				D3245B0D1F2E93140092F2FF /* Sources */,
				D3245B0E1F2E93140092F2FF /* Frameworks */,
				D3245B0F1F2E93140092F2FF /* Resources */,
				329BEE65DC68054C6CDD3DB7 /* [CP] Embed Pods Frameworks */,
				DC8023E1C6081122447EFE06 /* [CP] Copy Pods Resources */,
			);
			buildRules = (
			);
			dependencies = (
			);
			name = socialnetwork;
			productName = socialnetwork;
			productReference = D3245B111F2E93140092F2FF /* socialnetwork.app */;
			productType = "com.apple.product-type.application";
		};
/* End PBXNativeTarget section */

/* Begin PBXProject section */
		D3245B091F2E93140092F2FF /* Project object */ = {
			isa = PBXProject;
			attributes = {
				LastSwiftUpdateCheck = 0830;
				LastUpgradeCheck = 0830;
				ORGANIZATIONNAME = brimarq;
				TargetAttributes = {
					D3245B101F2E93140092F2FF = {
						CreatedOnToolsVersion = 8.3.3;
						ProvisioningStyle = Automatic;
					};
				};
			};
			buildConfigurationList = D3245B0C1F2E93140092F2FF /* Build configuration list for PBXProject "socialnetwork" */;
			compatibilityVersion = "Xcode 3.2";
			developmentRegion = English;
			hasScannedForEncodings = 0;
			knownRegions = (
				en,
				Base,
			);
			mainGroup = D3245B081F2E93140092F2FF;
			productRefGroup = D3245B121F2E93140092F2FF /* Products */;
			projectDirPath = "";
			projectRoot = "";
			targets = (
				D3245B101F2E93140092F2FF /* socialnetwork */,
			);
		};
/* End PBXProject section */

/* Begin PBXResourcesBuildPhase section */
		D3245B0F1F2E93140092F2FF /* Resources */ = {
			isa = PBXResourcesBuildPhase;
			buildActionMask = 2147483647;
			files = (
				D3245B1F1F2E93140092F2FF /* LaunchScreen.storyboard in Resources */,
				D3245B271F2E964E0092F2FF /* GoogleService-Info.plist in Resources */,
				D3245B1C1F2E93140092F2FF /* Assets.xcassets in Resources */,
				D3245B1A1F2E93140092F2FF /* Main.storyboard in Resources */,
			);
			runOnlyForDeploymentPostprocessing = 0;
		};
/* End PBXResourcesBuildPhase section */

/* Begin PBXShellScriptBuildPhase section */
		329BEE65DC68054C6CDD3DB7 /* [CP] Embed Pods Frameworks */ = {
			isa = PBXShellScriptBuildPhase;
			buildActionMask = 2147483647;
			files = (
			);
			inputPaths = (
			);
			name = "[CP] Embed Pods Frameworks";
			outputPaths = (
			);
			runOnlyForDeploymentPostprocessing = 0;
			shellPath = /bin/sh;
			shellScript = "\"${SRCROOT}/Pods/Target Support Files/Pods-socialnetwork/Pods-socialnetwork-frameworks.sh\"\n";
			showEnvVarsInLog = 0;
		};
		5C15692B0E4004D3FC8C436D /* [CP] Check Pods Manifest.lock */ = {
			isa = PBXShellScriptBuildPhase;
			buildActionMask = 2147483647;
			files = (
			);
			inputPaths = (
			);
			name = "[CP] Check Pods Manifest.lock";
			outputPaths = (
			);
			runOnlyForDeploymentPostprocessing = 0;
			shellPath = /bin/sh;
			shellScript = "diff \"${PODS_PODFILE_DIR_PATH}/Podfile.lock\" \"${PODS_ROOT}/Manifest.lock\" > /dev/null\nif [ $? != 0 ] ; then\n    # print error to STDERR\n    echo \"error: The sandbox is not in sync with the Podfile.lock. Run 'pod install' or update your CocoaPods installation.\" >&2\n    exit 1\nfi\n";
			showEnvVarsInLog = 0;
		};
		DC8023E1C6081122447EFE06 /* [CP] Copy Pods Resources */ = {
			isa = PBXShellScriptBuildPhase;
			buildActionMask = 2147483647;
			files = (
			);
			inputPaths = (
			);
			name = "[CP] Copy Pods Resources";
			outputPaths = (
			);
			runOnlyForDeploymentPostprocessing = 0;
			shellPath = /bin/sh;
			shellScript = "\"${SRCROOT}/Pods/Target Support Files/Pods-socialnetwork/Pods-socialnetwork-resources.sh\"\n";
			showEnvVarsInLog = 0;
		};
/* End PBXShellScriptBuildPhase section */

/* Begin PBXSourcesBuildPhase section */
		D3245B0D1F2E93140092F2FF /* Sources */ = {
			isa = PBXSourcesBuildPhase;
			buildActionMask = 2147483647;
			files = (
				D3245B391F3019920092F2FF /* CircleView.swift in Sources */,
				D3245B331F2FAB040092F2FF /* FancyField.swift in Sources */,
				D3245B171F2E93140092F2FF /* SignInVC.swift in Sources */,
				D32289F81F32875E00685ED6 /* Post.swift in Sources */,
				D3245B311F2FA8FF0092F2FF /* RoundBtn.swift in Sources */,
				D3245B151F2E93140092F2FF /* AppDelegate.swift in Sources */,
				D362EA691F3122AA00C30E15 /* DataService.swift in Sources */,
				D3245B371F2FF6620092F2FF /* FeedVC.swift in Sources */,
				D3245B2C1F2FA63C0092F2FF /* FancyView.swift in Sources */,
				D3245B2F1F2FA70C0092F2FF /* Constants.swift in Sources */,
				D3245B351F2FAC750092F2FF /* FancyBtn.swift in Sources */,
				D362EA661F31095100C30E15 /* PostCell.swift in Sources */,
			);
			runOnlyForDeploymentPostprocessing = 0;
		};
/* End PBXSourcesBuildPhase section */

/* Begin PBXVariantGroup section */
		D3245B181F2E93140092F2FF /* Main.storyboard */ = {
			isa = PBXVariantGroup;
			children = (
				D3245B191F2E93140092F2FF /* Base */,
			);
			name = Main.storyboard;
			sourceTree = "<group>";
		};
		D3245B1D1F2E93140092F2FF /* LaunchScreen.storyboard */ = {
			isa = PBXVariantGroup;
			children = (
				D3245B1E1F2E93140092F2FF /* Base */,
			);
			name = LaunchScreen.storyboard;
			sourceTree = "<group>";
		};
/* End PBXVariantGroup section */

/* Begin XCBuildConfiguration section */
		D3245B211F2E93140092F2FF /* Debug */ = {
			isa = XCBuildConfiguration;
			buildSettings = {
				ALWAYS_SEARCH_USER_PATHS = NO;
				CLANG_ANALYZER_NONNULL = YES;
				CLANG_ANALYZER_NUMBER_OBJECT_CONVERSION = YES_AGGRESSIVE;
				CLANG_CXX_LANGUAGE_STANDARD = "gnu++0x";
				CLANG_CXX_LIBRARY = "libc++";
				CLANG_ENABLE_MODULES = YES;
				CLANG_ENABLE_OBJC_ARC = YES;
				CLANG_WARN_BOOL_CONVERSION = YES;
				CLANG_WARN_CONSTANT_CONVERSION = YES;
				CLANG_WARN_DIRECT_OBJC_ISA_USAGE = YES_ERROR;
				CLANG_WARN_DOCUMENTATION_COMMENTS = YES;
				CLANG_WARN_EMPTY_BODY = YES;
				CLANG_WARN_ENUM_CONVERSION = YES;
				CLANG_WARN_INFINITE_RECURSION = YES;
				CLANG_WARN_INT_CONVERSION = YES;
				CLANG_WARN_OBJC_ROOT_CLASS = YES_ERROR;
				CLANG_WARN_SUSPICIOUS_MOVE = YES;
				CLANG_WARN_UNREACHABLE_CODE = YES;
				CLANG_WARN__DUPLICATE_METHOD_MATCH = YES;
				"CODE_SIGN_IDENTITY[sdk=iphoneos*]" = "iPhone Developer";
				COPY_PHASE_STRIP = NO;
				DEBUG_INFORMATION_FORMAT = dwarf;
				ENABLE_STRICT_OBJC_MSGSEND = YES;
				ENABLE_TESTABILITY = YES;
				GCC_C_LANGUAGE_STANDARD = gnu99;
				GCC_DYNAMIC_NO_PIC = NO;
				GCC_NO_COMMON_BLOCKS = YES;
				GCC_OPTIMIZATION_LEVEL = 0;
				GCC_PREPROCESSOR_DEFINITIONS = (
					"DEBUG=1",
					"$(inherited)",
				);
				GCC_WARN_64_TO_32_BIT_CONVERSION = YES;
				GCC_WARN_ABOUT_RETURN_TYPE = YES_ERROR;
				GCC_WARN_UNDECLARED_SELECTOR = YES;
				GCC_WARN_UNINITIALIZED_AUTOS = YES_AGGRESSIVE;
				GCC_WARN_UNUSED_FUNCTION = YES;
				GCC_WARN_UNUSED_VARIABLE = YES;
				IPHONEOS_DEPLOYMENT_TARGET = 10.3;
				MTL_ENABLE_DEBUG_INFO = YES;
				ONLY_ACTIVE_ARCH = YES;
				SDKROOT = iphoneos;
				SWIFT_ACTIVE_COMPILATION_CONDITIONS = DEBUG;
				SWIFT_OPTIMIZATION_LEVEL = "-Onone";
				TARGETED_DEVICE_FAMILY = "1,2";
			};
			name = Debug;
		};
		D3245B221F2E93140092F2FF /* Release */ = {
			isa = XCBuildConfiguration;
			buildSettings = {
				ALWAYS_SEARCH_USER_PATHS = NO;
				CLANG_ANALYZER_NONNULL = YES;
				CLANG_ANALYZER_NUMBER_OBJECT_CONVERSION = YES_AGGRESSIVE;
				CLANG_CXX_LANGUAGE_STANDARD = "gnu++0x";
				CLANG_CXX_LIBRARY = "libc++";
				CLANG_ENABLE_MODULES = YES;
				CLANG_ENABLE_OBJC_ARC = YES;
				CLANG_WARN_BOOL_CONVERSION = YES;
				CLANG_WARN_CONSTANT_CONVERSION = YES;
				CLANG_WARN_DIRECT_OBJC_ISA_USAGE = YES_ERROR;
				CLANG_WARN_DOCUMENTATION_COMMENTS = YES;
				CLANG_WARN_EMPTY_BODY = YES;
				CLANG_WARN_ENUM_CONVERSION = YES;
				CLANG_WARN_INFINITE_RECURSION = YES;
				CLANG_WARN_INT_CONVERSION = YES;
				CLANG_WARN_OBJC_ROOT_CLASS = YES_ERROR;
				CLANG_WARN_SUSPICIOUS_MOVE = YES;
				CLANG_WARN_UNREACHABLE_CODE = YES;
				CLANG_WARN__DUPLICATE_METHOD_MATCH = YES;
				"CODE_SIGN_IDENTITY[sdk=iphoneos*]" = "iPhone Developer";
				COPY_PHASE_STRIP = NO;
				DEBUG_INFORMATION_FORMAT = "dwarf-with-dsym";
				ENABLE_NS_ASSERTIONS = NO;
				ENABLE_STRICT_OBJC_MSGSEND = YES;
				GCC_C_LANGUAGE_STANDARD = gnu99;
				GCC_NO_COMMON_BLOCKS = YES;
				GCC_WARN_64_TO_32_BIT_CONVERSION = YES;
				GCC_WARN_ABOUT_RETURN_TYPE = YES_ERROR;
				GCC_WARN_UNDECLARED_SELECTOR = YES;
				GCC_WARN_UNINITIALIZED_AUTOS = YES_AGGRESSIVE;
				GCC_WARN_UNUSED_FUNCTION = YES;
				GCC_WARN_UNUSED_VARIABLE = YES;
				IPHONEOS_DEPLOYMENT_TARGET = 10.3;
				MTL_ENABLE_DEBUG_INFO = NO;
				SDKROOT = iphoneos;
				SWIFT_OPTIMIZATION_LEVEL = "-Owholemodule";
				TARGETED_DEVICE_FAMILY = "1,2";
				VALIDATE_PRODUCT = YES;
			};
			name = Release;
		};
		D3245B241F2E93140092F2FF /* Debug */ = {
			isa = XCBuildConfiguration;
			baseConfigurationReference = A21E712F06DB6E4AF652166F /* Pods-socialnetwork.debug.xcconfig */;
			buildSettings = {
				ASSETCATALOG_COMPILER_APPICON_NAME = AppIcon;
				INFOPLIST_FILE = socialnetwork/Info.plist;
				LD_RUNPATH_SEARCH_PATHS = "$(inherited) @executable_path/Frameworks";
				PRODUCT_BUNDLE_IDENTIFIER = com.brimarq.socialnetwork;
				PRODUCT_NAME = "$(TARGET_NAME)";
				SWIFT_VERSION = 3.0;
			};
			name = Debug;
		};
		D3245B251F2E93140092F2FF /* Release */ = {
			isa = XCBuildConfiguration;
			baseConfigurationReference = 08A5AB8505DA863804C15A34 /* Pods-socialnetwork.release.xcconfig */;
			buildSettings = {
				ASSETCATALOG_COMPILER_APPICON_NAME = AppIcon;
				INFOPLIST_FILE = socialnetwork/Info.plist;
				LD_RUNPATH_SEARCH_PATHS = "$(inherited) @executable_path/Frameworks";
				PRODUCT_BUNDLE_IDENTIFIER = com.brimarq.socialnetwork;
				PRODUCT_NAME = "$(TARGET_NAME)";
				SWIFT_VERSION = 3.0;
			};
			name = Release;
		};
/* End XCBuildConfiguration section */

/* Begin XCConfigurationList section */
		D3245B0C1F2E93140092F2FF /* Build configuration list for PBXProject "socialnetwork" */ = {
			isa = XCConfigurationList;
			buildConfigurations = (
				D3245B211F2E93140092F2FF /* Debug */,
				D3245B221F2E93140092F2FF /* Release */,
			);
			defaultConfigurationIsVisible = 0;
			defaultConfigurationName = Release;
		};
		D3245B231F2E93140092F2FF /* Build configuration list for PBXNativeTarget "socialnetwork" */ = {
			isa = XCConfigurationList;
			buildConfigurations = (
				D3245B241F2E93140092F2FF /* Debug */,
				D3245B251F2E93140092F2FF /* Release */,
			);
			defaultConfigurationIsVisible = 0;
			defaultConfigurationName = Release;
		};
/* End XCConfigurationList section */
	};
	rootObject = D3245B091F2E93140092F2FF /* Project object */;
}
